
Microsoft Visual Studio Solution File, Format Version 12.00
# Visual Studio 2012
Project("{FAE04EC0-301F-11D3-BF4B-00C04F79EFBC}") = "DisqusNET", "DisqusNET\DisqusNET.csproj", "{ED0A7EEE-95D6-4CC5-BECD-21C3970CE78C}"
EndProject
Global
	GlobalSection(SolutionConfigurationPlatforms) = preSolution
		Debug|Any CPU = Debug|Any CPU
		Release|Any CPU = Release|Any CPU
	EndGlobalSection
	GlobalSection(ProjectConfigurationPlatforms) = postSolution
		{ED0A7EEE-95D6-4CC5-BECD-21C3970CE78C}.Debug|Any CPU.ActiveCfg = Debug|Any CPU
		{ED0A7EEE-95D6-4CC5-BECD-21C3970CE78C}.Debug|Any CPU.Build.0 = Debug|Any CPU
		{ED0A7EEE-95D6-4CC5-BECD-21C3970CE78C}.Release|Any CPU.ActiveCfg = Release|Any CPU
		{ED0A7EEE-95D6-4CC5-BECD-21C3970CE78C}.Release|Any CPU.Build.0 = Release|Any CPU
	EndGlobalSection
	GlobalSection(SolutionProperties) = preSolution
		HideSolutionNode = FALSE
	EndGlobalSection
EndGlobal
